// !$*UTF8*$!
{
	archiveVersion = 1;
	classes = {
	};
	objectVersion = 55;
	objects = {

/* Begin PBXBuildFile section */
		344A19E028C89B5900EFC8B6 /* AppDelegate.swift in Sources */ = {isa = PBXBuildFile; fileRef = 344A19DF28C89B5900EFC8B6 /* AppDelegate.swift */; };
		344A19E228C89B5900EFC8B6 /* SceneDelegate.swift in Sources */ = {isa = PBXBuildFile; fileRef = 344A19E128C89B5900EFC8B6 /* SceneDelegate.swift */; };
		344A19E428C89B5900EFC8B6 /* HomeViewController.swift in Sources */ = {isa = PBXBuildFile; fileRef = 344A19E328C89B5900EFC8B6 /* HomeViewController.swift */; };
		344A19E728C89B5900EFC8B6 /* Main.storyboard in Resources */ = {isa = PBXBuildFile; fileRef = 344A19E528C89B5900EFC8B6 /* Main.storyboard */; };
		344A19E928C89B5B00EFC8B6 /* Assets.xcassets in Resources */ = {isa = PBXBuildFile; fileRef = 344A19E828C89B5B00EFC8B6 /* Assets.xcassets */; };
		344A19EC28C89B5B00EFC8B6 /* LaunchScreen.storyboard in Resources */ = {isa = PBXBuildFile; fileRef = 344A19EA28C89B5B00EFC8B6 /* LaunchScreen.storyboard */; };
		344A19F428C89BB500EFC8B6 /* PlaceCell.swift in Sources */ = {isa = PBXBuildFile; fileRef = 344A19F328C89BB500EFC8B6 /* PlaceCell.swift */; };
		344D837128D036A100F71E79 /* NewPlaceViewController.swift in Sources */ = {isa = PBXBuildFile; fileRef = 344D837028D036A100F71E79 /* NewPlaceViewController.swift */; };
		344EB1D828D0D8EE00E567FE /* ImageCell.swift in Sources */ = {isa = PBXBuildFile; fileRef = 344EB1D728D0D8EE00E567FE /* ImageCell.swift */; };
		344EB1DB28D0D94D00E567FE /* InfoCell.swift in Sources */ = {isa = PBXBuildFile; fileRef = 344EB1DA28D0D94D00E567FE /* InfoCell.swift */; };
		344EB1DD28D10F0C00E567FE /* MainConstants.swift in Sources */ = {isa = PBXBuildFile; fileRef = 344EB1DC28D10F0C00E567FE /* MainConstants.swift */; };
		347AA17E28D32AD000CE1DA6 /* UIViewController+extensions.swift in Sources */ = {isa = PBXBuildFile; fileRef = 347AA17D28D32AD000CE1DA6 /* UIViewController+extensions.swift */; };
		347AA18528D3B8C300CE1DA6 /* StorageManager.swift in Sources */ = {isa = PBXBuildFile; fileRef = 347AA18428D3B8C300CE1DA6 /* StorageManager.swift */; };
		348862C728CE00730062F4B3 /* PlaceModel.swift in Sources */ = {isa = PBXBuildFile; fileRef = 348862C628CE00730062F4B3 /* PlaceModel.swift */; };
		348862CD28CF199B0062F4B3 /* UIStackView+extensions.swift in Sources */ = {isa = PBXBuildFile; fileRef = 348862CC28CF199B0062F4B3 /* UIStackView+extensions.swift */; };
		34FC728D28D8526200565BE0 /* MapViewController.swift in Sources */ = {isa = PBXBuildFile; fileRef = 34FC728C28D8526200565BE0 /* MapViewController.swift */; };
		44C0627F28D6E66D007A3316 /* RatingCell.swift in Sources */ = {isa = PBXBuildFile; fileRef = 44C0627E28D6E66D007A3316 /* RatingCell.swift */; };
		A04342E215E7F7052AFA35A9 /* Pods_BestPlaces.framework in Frameworks */ = {isa = PBXBuildFile; fileRef = 5D5928F4A8FFD2BF7765E53B /* Pods_BestPlaces.framework */; };
/* End PBXBuildFile section */

/* Begin PBXFileReference section */
		344A19DC28C89B5900EFC8B6 /* BestPlaces.app */ = {isa = PBXFileReference; explicitFileType = wrapper.application; includeInIndex = 0; path = BestPlaces.app; sourceTree = BUILT_PRODUCTS_DIR; };
		344A19DF28C89B5900EFC8B6 /* AppDelegate.swift */ = {isa = PBXFileReference; lastKnownFileType = sourcecode.swift; path = AppDelegate.swift; sourceTree = "<group>"; };
		344A19E128C89B5900EFC8B6 /* SceneDelegate.swift */ = {isa = PBXFileReference; lastKnownFileType = sourcecode.swift; path = SceneDelegate.swift; sourceTree = "<group>"; };
		344A19E328C89B5900EFC8B6 /* HomeViewController.swift */ = {isa = PBXFileReference; lastKnownFileType = sourcecode.swift; path = HomeViewController.swift; sourceTree = "<group>"; };
		344A19E628C89B5900EFC8B6 /* Base */ = {isa = PBXFileReference; lastKnownFileType = file.storyboard; name = Base; path = Base.lproj/Main.storyboard; sourceTree = "<group>"; };
		344A19E828C89B5B00EFC8B6 /* Assets.xcassets */ = {isa = PBXFileReference; lastKnownFileType = folder.assetcatalog; path = Assets.xcassets; sourceTree = "<group>"; };
		344A19EB28C89B5B00EFC8B6 /* Base */ = {isa = PBXFileReference; lastKnownFileType = file.storyboard; name = Base; path = Base.lproj/LaunchScreen.storyboard; sourceTree = "<group>"; };
		344A19ED28C89B5B00EFC8B6 /* Info.plist */ = {isa = PBXFileReference; lastKnownFileType = text.plist.xml; path = Info.plist; sourceTree = "<group>"; };
		344A19F328C89BB500EFC8B6 /* PlaceCell.swift */ = {isa = PBXFileReference; lastKnownFileType = sourcecode.swift; path = PlaceCell.swift; sourceTree = "<group>"; };
		344D837028D036A100F71E79 /* NewPlaceViewController.swift */ = {isa = PBXFileReference; lastKnownFileType = sourcecode.swift; path = NewPlaceViewController.swift; sourceTree = "<group>"; };
		344EB1D728D0D8EE00E567FE /* ImageCell.swift */ = {isa = PBXFileReference; lastKnownFileType = sourcecode.swift; path = ImageCell.swift; sourceTree = "<group>"; };
		344EB1DA28D0D94D00E567FE /* InfoCell.swift */ = {isa = PBXFileReference; lastKnownFileType = sourcecode.swift; path = InfoCell.swift; sourceTree = "<group>"; };
		344EB1DC28D10F0C00E567FE /* MainConstants.swift */ = {isa = PBXFileReference; lastKnownFileType = sourcecode.swift; path = MainConstants.swift; sourceTree = "<group>"; };
		347AA17D28D32AD000CE1DA6 /* UIViewController+extensions.swift */ = {isa = PBXFileReference; lastKnownFileType = sourcecode.swift; path = "UIViewController+extensions.swift"; sourceTree = "<group>"; };
		347AA18428D3B8C300CE1DA6 /* StorageManager.swift */ = {isa = PBXFileReference; lastKnownFileType = sourcecode.swift; path = StorageManager.swift; sourceTree = "<group>"; };
		348862C628CE00730062F4B3 /* PlaceModel.swift */ = {isa = PBXFileReference; lastKnownFileType = sourcecode.swift; path = PlaceModel.swift; sourceTree = "<group>"; };
		348862CC28CF199B0062F4B3 /* UIStackView+extensions.swift */ = {isa = PBXFileReference; lastKnownFileType = sourcecode.swift; path = "UIStackView+extensions.swift"; sourceTree = "<group>"; };
		34FC728C28D8526200565BE0 /* MapViewController.swift */ = {isa = PBXFileReference; lastKnownFileType = sourcecode.swift; path = MapViewController.swift; sourceTree = "<group>"; };
		44C0627E28D6E66D007A3316 /* RatingCell.swift */ = {isa = PBXFileReference; lastKnownFileType = sourcecode.swift; path = RatingCell.swift; sourceTree = "<group>"; };
		5D5928F4A8FFD2BF7765E53B /* Pods_BestPlaces.framework */ = {isa = PBXFileReference; explicitFileType = wrapper.framework; includeInIndex = 0; path = Pods_BestPlaces.framework; sourceTree = BUILT_PRODUCTS_DIR; };
		8E1E21ED345B88A1B7B9E9D2 /* Pods-BestPlaces.debug.xcconfig */ = {isa = PBXFileReference; includeInIndex = 1; lastKnownFileType = text.xcconfig; name = "Pods-BestPlaces.debug.xcconfig"; path = "Target Support Files/Pods-BestPlaces/Pods-BestPlaces.debug.xcconfig"; sourceTree = "<group>"; };
		FC082E27BD207EFB19525E38 /* Pods-BestPlaces.release.xcconfig */ = {isa = PBXFileReference; includeInIndex = 1; lastKnownFileType = text.xcconfig; name = "Pods-BestPlaces.release.xcconfig"; path = "Target Support Files/Pods-BestPlaces/Pods-BestPlaces.release.xcconfig"; sourceTree = "<group>"; };
/* End PBXFileReference section */

/* Begin PBXFrameworksBuildPhase section */
		344A19D928C89B5900EFC8B6 /* Frameworks */ = {
			isa = PBXFrameworksBuildPhase;
			buildActionMask = 2147483647;
			files = (
				A04342E215E7F7052AFA35A9 /* Pods_BestPlaces.framework in Frameworks */,
			);
			runOnlyForDeploymentPostprocessing = 0;
		};
/* End PBXFrameworksBuildPhase section */

/* Begin PBXGroup section */
		344A19D328C89B5900EFC8B6 = {
			isa = PBXGroup;
			children = (
				344A19DE28C89B5900EFC8B6 /* BestPlaces */,
				344A19DD28C89B5900EFC8B6 /* Products */,
				BA45F92F425FE1703A87F90C /* Pods */,
				C0A5F66E07407AF28B4A54DE /* Frameworks */,
			);
			sourceTree = "<group>";
		};
		344A19DD28C89B5900EFC8B6 /* Products */ = {
			isa = PBXGroup;
			children = (
				344A19DC28C89B5900EFC8B6 /* BestPlaces.app */,
			);
			name = Products;
			sourceTree = "<group>";
		};
		344A19DE28C89B5900EFC8B6 /* BestPlaces */ = {
			isa = PBXGroup;
			children = (
				347AA18328D32B9800CE1DA6 /* Applications */,
				347AA17F28D32B2000CE1DA6 /* Constants */,
				348862CE28CF19D40062F4B3 /* Controllers */,
				347AA18028D32B5600CE1DA6 /* Extensions */,
				347AA18228D32B8C00CE1DA6 /* Cells */,
				347AA18128D32B7A00CE1DA6 /* Model */,
				344A19E528C89B5900EFC8B6 /* Main.storyboard */,
				344A19E828C89B5B00EFC8B6 /* Assets.xcassets */,
				344A19EA28C89B5B00EFC8B6 /* LaunchScreen.storyboard */,
				344A19ED28C89B5B00EFC8B6 /* Info.plist */,
			);
			path = BestPlaces;
			sourceTree = "<group>";
		};
		344EB1D928D0D91E00E567FE /* AddStaticTableCell */ = {
			isa = PBXGroup;
			children = (
				344EB1D728D0D8EE00E567FE /* ImageCell.swift */,
				344EB1DA28D0D94D00E567FE /* InfoCell.swift */,
				44C0627E28D6E66D007A3316 /* RatingCell.swift */,
			);
			path = AddStaticTableCell;
			sourceTree = "<group>";
		};
		347AA17F28D32B2000CE1DA6 /* Constants */ = {
			isa = PBXGroup;
			children = (
				344EB1DC28D10F0C00E567FE /* MainConstants.swift */,
			);
			path = Constants;
			sourceTree = "<group>";
		};
		347AA18028D32B5600CE1DA6 /* Extensions */ = {
			isa = PBXGroup;
			children = (
				348862CC28CF199B0062F4B3 /* UIStackView+extensions.swift */,
				347AA17D28D32AD000CE1DA6 /* UIViewController+extensions.swift */,
			);
			path = Extensions;
			sourceTree = "<group>";
		};
		347AA18128D32B7A00CE1DA6 /* Model */ = {
			isa = PBXGroup;
			children = (
				348862C628CE00730062F4B3 /* PlaceModel.swift */,
				347AA18428D3B8C300CE1DA6 /* StorageManager.swift */,
			);
			path = Model;
			sourceTree = "<group>";
		};
		347AA18228D32B8C00CE1DA6 /* Cells */ = {
			isa = PBXGroup;
			children = (
				344EB1D928D0D91E00E567FE /* AddStaticTableCell */,
				344A19F328C89BB500EFC8B6 /* PlaceCell.swift */,
			);
			path = Cells;
			sourceTree = "<group>";
		};
		347AA18328D32B9800CE1DA6 /* Applications */ = {
			isa = PBXGroup;
			children = (
				344A19DF28C89B5900EFC8B6 /* AppDelegate.swift */,
				344A19E128C89B5900EFC8B6 /* SceneDelegate.swift */,
			);
			path = Applications;
			sourceTree = "<group>";
		};
		348862CE28CF19D40062F4B3 /* Controllers */ = {
			isa = PBXGroup;
			children = (
				344A19E328C89B5900EFC8B6 /* HomeViewController.swift */,
				344D837028D036A100F71E79 /* NewPlaceViewController.swift */,
				34FC728C28D8526200565BE0 /* MapViewController.swift */,
			);
			path = Controllers;
			sourceTree = "<group>";
		};
		BA45F92F425FE1703A87F90C /* Pods */ = {
			isa = PBXGroup;
			children = (
				8E1E21ED345B88A1B7B9E9D2 /* Pods-BestPlaces.debug.xcconfig */,
				FC082E27BD207EFB19525E38 /* Pods-BestPlaces.release.xcconfig */,
			);
			path = Pods;
			sourceTree = "<group>";
		};
		C0A5F66E07407AF28B4A54DE /* Frameworks */ = {
			isa = PBXGroup;
			children = (
				5D5928F4A8FFD2BF7765E53B /* Pods_BestPlaces.framework */,
			);
			name = Frameworks;
			sourceTree = "<group>";
		};
/* End PBXGroup section */

/* Begin PBXNativeTarget section */
		344A19DB28C89B5900EFC8B6 /* BestPlaces */ = {
			isa = PBXNativeTarget;
			buildConfigurationList = 344A19F028C89B5B00EFC8B6 /* Build configuration list for PBXNativeTarget "BestPlaces" */;
			buildPhases = (
				A68C5C308AE6BE7623A0F2F2 /* [CP] Check Pods Manifest.lock */,
				344A19D828C89B5900EFC8B6 /* Sources */,
				344A19D928C89B5900EFC8B6 /* Frameworks */,
				344A19DA28C89B5900EFC8B6 /* Resources */,
				3A6FC7F90A8AFF76F1A871CA /* [CP] Embed Pods Frameworks */,
			);
			buildRules = (
			);
			dependencies = (
			);
			name = BestPlaces;
			productName = BestPlaces;
			productReference = 344A19DC28C89B5900EFC8B6 /* BestPlaces.app */;
			productType = "com.apple.product-type.application";
		};
/* End PBXNativeTarget section */

/* Begin PBXProject section */
		344A19D428C89B5900EFC8B6 /* Project object */ = {
			isa = PBXProject;
			attributes = {
				BuildIndependentTargetsInParallel = 1;
				LastSwiftUpdateCheck = 1340;
				LastUpgradeCheck = 1340;
				TargetAttributes = {
					344A19DB28C89B5900EFC8B6 = {
						CreatedOnToolsVersion = 13.4.1;
					};
				};
			};
			buildConfigurationList = 344A19D728C89B5900EFC8B6 /* Build configuration list for PBXProject "BestPlaces" */;
			compatibilityVersion = "Xcode 13.0";
			developmentRegion = en;
			hasScannedForEncodings = 0;
			knownRegions = (
				en,
				Base,
			);
			mainGroup = 344A19D328C89B5900EFC8B6;
			productRefGroup = 344A19DD28C89B5900EFC8B6 /* Products */;
			projectDirPath = "";
			projectRoot = "";
			targets = (
				344A19DB28C89B5900EFC8B6 /* BestPlaces */,
			);
		};
/* End PBXProject section */

/* Begin PBXResourcesBuildPhase section */
		344A19DA28C89B5900EFC8B6 /* Resources */ = {
			isa = PBXResourcesBuildPhase;
			buildActionMask = 2147483647;
			files = (
				344A19EC28C89B5B00EFC8B6 /* LaunchScreen.storyboard in Resources */,
				344A19E928C89B5B00EFC8B6 /* Assets.xcassets in Resources */,
				344A19E728C89B5900EFC8B6 /* Main.storyboard in Resources */,
			);
			runOnlyForDeploymentPostprocessing = 0;
		};
/* End PBXResourcesBuildPhase section */

/* Begin PBXShellScriptBuildPhase section */
		3A6FC7F90A8AFF76F1A871CA /* [CP] Embed Pods Frameworks */ = {
			isa = PBXShellScriptBuildPhase;
			buildActionMask = 2147483647;
			files = (
			);
			inputFileListPaths = (
				"${PODS_ROOT}/Target Support Files/Pods-BestPlaces/Pods-BestPlaces-frameworks-${CONFIGURATION}-input-files.xcfilelist",
			);
			name = "[CP] Embed Pods Frameworks";
			outputFileListPaths = (
				"${PODS_ROOT}/Target Support Files/Pods-BestPlaces/Pods-BestPlaces-frameworks-${CONFIGURATION}-output-files.xcfilelist",
			);
			runOnlyForDeploymentPostprocessing = 0;
			shellPath = /bin/sh;
			shellScript = "\"${PODS_ROOT}/Target Support Files/Pods-BestPlaces/Pods-BestPlaces-frameworks.sh\"\n";
			showEnvVarsInLog = 0;
		};
		A68C5C308AE6BE7623A0F2F2 /* [CP] Check Pods Manifest.lock */ = {
			isa = PBXShellScriptBuildPhase;
			buildActionMask = 2147483647;
			files = (
			);
			inputFileListPaths = (
			);
			inputPaths = (
				"${PODS_PODFILE_DIR_PATH}/Podfile.lock",
				"${PODS_ROOT}/Manifest.lock",
			);
			name = "[CP] Check Pods Manifest.lock";
			outputFileListPaths = (
			);
			outputPaths = (
				"$(DERIVED_FILE_DIR)/Pods-BestPlaces-checkManifestLockResult.txt",
			);
			runOnlyForDeploymentPostprocessing = 0;
			shellPath = /bin/sh;
			shellScript = "diff \"${PODS_PODFILE_DIR_PATH}/Podfile.lock\" \"${PODS_ROOT}/Manifest.lock\" > /dev/null\nif [ $? != 0 ] ; then\n    # print error to STDERR\n    echo \"error: The sandbox is not in sync with the Podfile.lock. Run 'pod install' or update your CocoaPods installation.\" >&2\n    exit 1\nfi\n# This output is used by Xcode 'outputs' to avoid re-running this script phase.\necho \"SUCCESS\" > \"${SCRIPT_OUTPUT_FILE_0}\"\n";
			showEnvVarsInLog = 0;
		};
/* End PBXShellScriptBuildPhase section */

/* Begin PBXSourcesBuildPhase section */
		344A19D828C89B5900EFC8B6 /* Sources */ = {
			isa = PBXSourcesBuildPhase;
			buildActionMask = 2147483647;
			files = (
				344EB1DB28D0D94D00E567FE /* InfoCell.swift in Sources */,
				344A19E428C89B5900EFC8B6 /* HomeViewController.swift in Sources */,
				344D837128D036A100F71E79 /* NewPlaceViewController.swift in Sources */,
				347AA18528D3B8C300CE1DA6 /* StorageManager.swift in Sources */,
				344A19E028C89B5900EFC8B6 /* AppDelegate.swift in Sources */,
				347AA17E28D32AD000CE1DA6 /* UIViewController+extensions.swift in Sources */,
				348862CD28CF199B0062F4B3 /* UIStackView+extensions.swift in Sources */,
				348862C728CE00730062F4B3 /* PlaceModel.swift in Sources */,
				344EB1D828D0D8EE00E567FE /* ImageCell.swift in Sources */,
				344A19E228C89B5900EFC8B6 /* SceneDelegate.swift in Sources */,
				344EB1DD28D10F0C00E567FE /* MainConstants.swift in Sources */,
				344A19F428C89BB500EFC8B6 /* PlaceCell.swift in Sources */,
				44C0627F28D6E66D007A3316 /* RatingCell.swift in Sources */,
				34FC728D28D8526200565BE0 /* MapViewController.swift in Sources */,
			);
			runOnlyForDeploymentPostprocessing = 0;
		};
/* End PBXSourcesBuildPhase section */

/* Begin PBXVariantGroup section */
		344A19E528C89B5900EFC8B6 /* Main.storyboard */ = {
			isa = PBXVariantGroup;
			children = (
				344A19E628C89B5900EFC8B6 /* Base */,
			);
			name = Main.storyboard;
			sourceTree = "<group>";
		};
		344A19EA28C89B5B00EFC8B6 /* LaunchScreen.storyboard */ = {
			isa = PBXVariantGroup;
			children = (
				344A19EB28C89B5B00EFC8B6 /* Base */,
			);
			name = LaunchScreen.storyboard;
			sourceTree = "<group>";
		};
/* End PBXVariantGroup section */

/* Begin XCBuildConfiguration section */
		344A19EE28C89B5B00EFC8B6 /* Debug */ = {
			isa = XCBuildConfiguration;
			buildSettings = {
				ALWAYS_SEARCH_USER_PATHS = NO;
				CLANG_ANALYZER_NONNULL = YES;
				CLANG_ANALYZER_NUMBER_OBJECT_CONVERSION = YES_AGGRESSIVE;
				CLANG_CXX_LANGUAGE_STANDARD = "gnu++17";
				CLANG_ENABLE_MODULES = YES;
				CLANG_ENABLE_OBJC_ARC = YES;
				CLANG_ENABLE_OBJC_WEAK = YES;
				CLANG_WARN_BLOCK_CAPTURE_AUTORELEASING = YES;
				CLANG_WARN_BOOL_CONVERSION = YES;
				CLANG_WARN_COMMA = YES;
				CLANG_WARN_CONSTANT_CONVERSION = YES;
				CLANG_WARN_DEPRECATED_OBJC_IMPLEMENTATIONS = YES;
				CLANG_WARN_DIRECT_OBJC_ISA_USAGE = YES_ERROR;
				CLANG_WARN_DOCUMENTATION_COMMENTS = YES;
				CLANG_WARN_EMPTY_BODY = YES;
				CLANG_WARN_ENUM_CONVERSION = YES;
				CLANG_WARN_INFINITE_RECURSION = YES;
				CLANG_WARN_INT_CONVERSION = YES;
				CLANG_WARN_NON_LITERAL_NULL_CONVERSION = YES;
				CLANG_WARN_OBJC_IMPLICIT_RETAIN_SELF = YES;
				CLANG_WARN_OBJC_LITERAL_CONVERSION = YES;
				CLANG_WARN_OBJC_ROOT_CLASS = YES_ERROR;
				CLANG_WARN_QUOTED_INCLUDE_IN_FRAMEWORK_HEADER = YES;
				CLANG_WARN_RANGE_LOOP_ANALYSIS = YES;
				CLANG_WARN_STRICT_PROTOTYPES = YES;
				CLANG_WARN_SUSPICIOUS_MOVE = YES;
				CLANG_WARN_UNGUARDED_AVAILABILITY = YES_AGGRESSIVE;
				CLANG_WARN_UNREACHABLE_CODE = YES;
				CLANG_WARN__DUPLICATE_METHOD_MATCH = YES;
				COPY_PHASE_STRIP = NO;
				DEBUG_INFORMATION_FORMAT = dwarf;
				ENABLE_STRICT_OBJC_MSGSEND = YES;
				ENABLE_TESTABILITY = YES;
				GCC_C_LANGUAGE_STANDARD = gnu11;
				GCC_DYNAMIC_NO_PIC = NO;
				GCC_NO_COMMON_BLOCKS = YES;
				GCC_OPTIMIZATION_LEVEL = 0;
				GCC_PREPROCESSOR_DEFINITIONS = (
					"DEBUG=1",
					"$(inherited)",
				);
				GCC_WARN_64_TO_32_BIT_CONVERSION = YES;
				GCC_WARN_ABOUT_RETURN_TYPE = YES_ERROR;
				GCC_WARN_UNDECLARED_SELECTOR = YES;
				GCC_WARN_UNINITIALIZED_AUTOS = YES_AGGRESSIVE;
				GCC_WARN_UNUSED_FUNCTION = YES;
				GCC_WARN_UNUSED_VARIABLE = YES;
				IPHONEOS_DEPLOYMENT_TARGET = 15.5;
				MTL_ENABLE_DEBUG_INFO = INCLUDE_SOURCE;
				MTL_FAST_MATH = YES;
				ONLY_ACTIVE_ARCH = YES;
				SDKROOT = iphoneos;
				SWIFT_ACTIVE_COMPILATION_CONDITIONS = DEBUG;
				SWIFT_OPTIMIZATION_LEVEL = "-Onone";
			};
			name = Debug;
		};
		344A19EF28C89B5B00EFC8B6 /* Release */ = {
			isa = XCBuildConfiguration;
			buildSettings = {
				ALWAYS_SEARCH_USER_PATHS = NO;
				CLANG_ANALYZER_NONNULL = YES;
				CLANG_ANALYZER_NUMBER_OBJECT_CONVERSION = YES_AGGRESSIVE;
				CLANG_CXX_LANGUAGE_STANDARD = "gnu++17";
				CLANG_ENABLE_MODULES = YES;
				CLANG_ENABLE_OBJC_ARC = YES;
				CLANG_ENABLE_OBJC_WEAK = YES;
				CLANG_WARN_BLOCK_CAPTURE_AUTORELEASING = YES;
				CLANG_WARN_BOOL_CONVERSION = YES;
				CLANG_WARN_COMMA = YES;
				CLANG_WARN_CONSTANT_CONVERSION = YES;
				CLANG_WARN_DEPRECATED_OBJC_IMPLEMENTATIONS = YES;
				CLANG_WARN_DIRECT_OBJC_ISA_USAGE = YES_ERROR;
				CLANG_WARN_DOCUMENTATION_COMMENTS = YES;
				CLANG_WARN_EMPTY_BODY = YES;
				CLANG_WARN_ENUM_CONVERSION = YES;
				CLANG_WARN_INFINITE_RECURSION = YES;
				CLANG_WARN_INT_CONVERSION = YES;
				CLANG_WARN_NON_LITERAL_NULL_CONVERSION = YES;
				CLANG_WARN_OBJC_IMPLICIT_RETAIN_SELF = YES;
				CLANG_WARN_OBJC_LITERAL_CONVERSION = YES;
				CLANG_WARN_OBJC_ROOT_CLASS = YES_ERROR;
				CLANG_WARN_QUOTED_INCLUDE_IN_FRAMEWORK_HEADER = YES;
				CLANG_WARN_RANGE_LOOP_ANALYSIS = YES;
				CLANG_WARN_STRICT_PROTOTYPES = YES;
				CLANG_WARN_SUSPICIOUS_MOVE = YES;
				CLANG_WARN_UNGUARDED_AVAILABILITY = YES_AGGRESSIVE;
				CLANG_WARN_UNREACHABLE_CODE = YES;
				CLANG_WARN__DUPLICATE_METHOD_MATCH = YES;
				COPY_PHASE_STRIP = NO;
				DEBUG_INFORMATION_FORMAT = "dwarf-with-dsym";
				ENABLE_NS_ASSERTIONS = NO;
				ENABLE_STRICT_OBJC_MSGSEND = YES;
				GCC_C_LANGUAGE_STANDARD = gnu11;
				GCC_NO_COMMON_BLOCKS = YES;
				GCC_WARN_64_TO_32_BIT_CONVERSION = YES;
				GCC_WARN_ABOUT_RETURN_TYPE = YES_ERROR;
				GCC_WARN_UNDECLARED_SELECTOR = YES;
				GCC_WARN_UNINITIALIZED_AUTOS = YES_AGGRESSIVE;
				GCC_WARN_UNUSED_FUNCTION = YES;
				GCC_WARN_UNUSED_VARIABLE = YES;
				IPHONEOS_DEPLOYMENT_TARGET = 15.5;
				MTL_ENABLE_DEBUG_INFO = NO;
				MTL_FAST_MATH = YES;
				SDKROOT = iphoneos;
				SWIFT_COMPILATION_MODE = wholemodule;
				SWIFT_OPTIMIZATION_LEVEL = "-O";
				VALIDATE_PRODUCT = YES;
			};
			name = Release;
		};
		344A19F128C89B5B00EFC8B6 /* Debug */ = {
			isa = XCBuildConfiguration;
			baseConfigurationReference = 8E1E21ED345B88A1B7B9E9D2 /* Pods-BestPlaces.debug.xcconfig */;
			buildSettings = {
				ASSETCATALOG_COMPILER_APPICON_NAME = AppIcon;
				ASSETCATALOG_COMPILER_GLOBAL_ACCENT_COLOR_NAME = AccentColor;
				CODE_SIGN_STYLE = Automatic;
				CURRENT_PROJECT_VERSION = 1;
				DEVELOPMENT_TEAM = U5F242W6NH;
				GENERATE_INFOPLIST_FILE = YES;
				INFOPLIST_FILE = BestPlaces/Info.plist;
				INFOPLIST_KEY_UIApplicationSupportsIndirectInputEvents = YES;
				INFOPLIST_KEY_UILaunchStoryboardName = LaunchScreen;
				INFOPLIST_KEY_UIMainStoryboardFile = Main;
				INFOPLIST_KEY_UISupportedInterfaceOrientations = UIInterfaceOrientationPortrait;
				INFOPLIST_KEY_UISupportedInterfaceOrientations_iPad = "UIInterfaceOrientationPortrait UIInterfaceOrientationPortraitUpsideDown UIInterfaceOrientationLandscapeLeft UIInterfaceOrientationLandscapeRight";
				INFOPLIST_KEY_UISupportedInterfaceOrientations_iPhone = "UIInterfaceOrientationPortrait UIInterfaceOrientationLandscapeLeft UIInterfaceOrientationLandscapeRight";
				LD_RUNPATH_SEARCH_PATHS = (
					"$(inherited)",
					"@executable_path/Frameworks",
				);
				MARKETING_VERSION = 1.0;
				PRODUCT_BUNDLE_IDENTIFIER = com.KonstantinGrachev.BestPlaces;
				PRODUCT_NAME = "$(TARGET_NAME)";
				SWIFT_EMIT_LOC_STRINGS = YES;
				SWIFT_VERSION = 5.0;
				TARGETED_DEVICE_FAMILY = 1;
			};
			name = Debug;
		};
		344A19F228C89B5B00EFC8B6 /* Release */ = {
			isa = XCBuildConfiguration;
			baseConfigurationReference = FC082E27BD207EFB19525E38 /* Pods-BestPlaces.release.xcconfig */;
			buildSettings = {
				ASSETCATALOG_COMPILER_APPICON_NAME = AppIcon;
				ASSETCATALOG_COMPILER_GLOBAL_ACCENT_COLOR_NAME = AccentColor;
				CODE_SIGN_STYLE = Automatic;
				CURRENT_PROJECT_VERSION = 1;
				DEVELOPMENT_TEAM = U5F242W6NH;
				GENERATE_INFOPLIST_FILE = YES;
				INFOPLIST_FILE = BestPlaces/Info.plist;
				INFOPLIST_KEY_UIApplicationSupportsIndirectInputEvents = YES;
				INFOPLIST_KEY_UILaunchStoryboardName = LaunchScreen;
				INFOPLIST_KEY_UIMainStoryboardFile = Main;
				INFOPLIST_KEY_UISupportedInterfaceOrientations = UIInterfaceOrientationPortrait;
				INFOPLIST_KEY_UISupportedInterfaceOrientations_iPad = "UIInterfaceOrientationPortrait UIInterfaceOrientationPortraitUpsideDown UIInterfaceOrientationLandscapeLeft UIInterfaceOrientationLandscapeRight";
				INFOPLIST_KEY_UISupportedInterfaceOrientations_iPhone = "UIInterfaceOrientationPortrait UIInterfaceOrientationLandscapeLeft UIInterfaceOrientationLandscapeRight";
				LD_RUNPATH_SEARCH_PATHS = (
					"$(inherited)",
					"@executable_path/Frameworks",
				);
				MARKETING_VERSION = 1.0;
				PRODUCT_BUNDLE_IDENTIFIER = com.KonstantinGrachev.BestPlaces;
				PRODUCT_NAME = "$(TARGET_NAME)";
				SWIFT_EMIT_LOC_STRINGS = YES;
				SWIFT_VERSION = 5.0;
				TARGETED_DEVICE_FAMILY = 1;
			};
			name = Release;
		};
/* End XCBuildConfiguration section */

/* Begin XCConfigurationList section */
		344A19D728C89B5900EFC8B6 /* Build configuration list for PBXProject "BestPlaces" */ = {
			isa = XCConfigurationList;
			buildConfigurations = (
				344A19EE28C89B5B00EFC8B6 /* Debug */,
				344A19EF28C89B5B00EFC8B6 /* Release */,
			);
			defaultConfigurationIsVisible = 0;
			defaultConfigurationName = Release;
		};
		344A19F028C89B5B00EFC8B6 /* Build configuration list for PBXNativeTarget "BestPlaces" */ = {
			isa = XCConfigurationList;
			buildConfigurations = (
				344A19F128C89B5B00EFC8B6 /* Debug */,
				344A19F228C89B5B00EFC8B6 /* Release */,
			);
			defaultConfigurationIsVisible = 0;
			defaultConfigurationName = Release;
		};
/* End XCConfigurationList section */
	};
	rootObject = 344A19D428C89B5900EFC8B6 /* Project object */;
}
